<?xml version="1.0" encoding="utf-8"?>
<Project ToolsVersion="4.0" xmlns="http://schemas.microsoft.com/developer/msbuild/2003">
  <ItemGroup>
    <Filter Include="Source Files">
      <UniqueIdentifier>{4FC737F1-C7A5-4376-A066-2A32D752A2FF}</UniqueIdentifier>
      <Extensions>cpp;c;cc;cxx;def;odl;idl;hpj;bat;asm;asmx</Extensions>
    </Filter>
    <Filter Include="Header Files">
      <UniqueIdentifier>{93995380-89BD-4b04-88EB-625FBE52EBFB}</UniqueIdentifier>
      <Extensions>h;hh;hpp;hxx;hm;inl;inc;xsd</Extensions>
    </Filter>
    <Filter Include="Resource Files">
      <UniqueIdentifier>{67DA6AB6-F800-4c08-8B7A-83BB121AAD01}</UniqueIdentifier>
      <Extensions>rc;ico;cur;bmp;dlg;rc2;rct;bin;rgs;gif;jpg;jpeg;jpe;resx;tiff;tif;png;wav;mfcribbon-ms</Extensions>
    </Filter>
    <Filter Include="Header Files\Foundation">
      <UniqueIdentifier>{7ce3c9d4-ead5-4e95-9ef0-8d118d5db02f}</UniqueIdentifier>
    </Filter>
    <Filter Include="Source Files\Component Model">
      <UniqueIdentifier>{26ce3b32-87fe-424d-852e-ef1d7b8e7a3f}</UniqueIdentifier>
    </Filter>
    <Filter Include="Header Files\Component Model">
      <UniqueIdentifier>{85948575-5b17-40bf-9f2c-596b1dbd2ecb}</UniqueIdentifier>
    </Filter>
    <Filter Include="Header Files\Physics">
      <UniqueIdentifier>{317ebcb1-2012-4cb7-a043-bf108df23fc0}</UniqueIdentifier>
    </Filter>
    <Filter Include="Source Files\Physics">
      <UniqueIdentifier>{59abfdf4-fcb7-4cfe-86c4-e196607040e8}</UniqueIdentifier>
    </Filter>
  </ItemGroup>
  <ItemGroup>
    <ClCompile Include="main.cpp">
      <Filter>Source Files</Filter>
    </ClCompile>
    <ClCompile Include="componentmodel\entitymanager.cpp">
      <Filter>Source Files\Component Model</Filter>
    </ClCompile>
    <ClCompile Include="componentmodel\componentmanager.cpp">
      <Filter>Source Files\Component Model</Filter>
    </ClCompile>
    <ClCompile Include="componentmodel\entityinterface.cpp">
      <Filter>Source Files\Component Model</Filter>
    </ClCompile>
    <ClCompile Include="physics\physicsmanager.cpp">
      <Filter>Source Files\Physics</Filter>
    </ClCompile>
  </ItemGroup>
  <ItemGroup>
    <None Include="Makefile" />
  </ItemGroup>
  <ItemGroup>
    <ClInclude Include="foundation\boundingbox.h">
      <Filter>Header Files\Foundation</Filter>
    </ClInclude>
    <ClInclude Include="foundation\quadtree.h">
      <Filter>Header Files\Foundation</Filter>
    </ClInclude>
    <ClInclude Include="foundation\vector.h">
      <Filter>Header Files\Foundation</Filter>
    </ClInclude>
    <ClInclude Include="componentmodel\componentinterface.h">
      <Filter>Header Files\Component Model</Filter>
    </ClInclude>
    <ClInclude Include="componentmodel\entity.h">
      <Filter>Header Files\Component Model</Filter>
    </ClInclude>
    <ClInclude Include="componentmodel\entityinterface.h">
      <Filter>Header Files\Component Model</Filter>
    </ClInclude>
    <ClInclude Include="componentmodel\component.h">
      <Filter>Header Files\Component Model</Filter>
    </ClInclude>
    <ClInclude Include="componentmodel\componentmanager.h">
      <Filter>Header Files\Component Model</Filter>
    </ClInclude>
    <ClInclude Include="componentmodel\translationcomponent.h">
      <Filter>Header Files\Component Model</Filter>
    </ClInclude>
    <ClInclude Include="componentmodel\entitymanager.h">
      <Filter>Header Files\Component Model</Filter>
    </ClInclude>
    <ClInclude Include="physics\physicsmanager.h">
      <Filter>Header Files\Physics</Filter>
    </ClInclude>
    <ClInclude Include="collidercomponent.h">
      <Filter>Header Files\Physics</Filter>
    </ClInclude>
  </ItemGroup>
  <ItemGroup>
    <Text Include="README.md" />
  </ItemGroup>
</Project>